
Microsoft Visual Studio Solution File, Format Version 12.00
# Visual Studio 14
VisualStudioVersion = 14.0.25420.1
MinimumVisualStudioVersion = 10.0.40219.1
Project("{FAE04EC0-301F-11D3-BF4B-00C04F79EFBC}") = "OmkarElectricals", "OmkarElectricals\OmkarElectricals\OmkarElectricals.csproj", "{15BF6FB5-BC8D-49BD-BB3E-E3970E99DD7D}"
EndProject
Project("{FAE04EC0-301F-11D3-BF4B-00C04F79EFBC}") = "OmkarElectricals.Droid", "OmkarElectricals\OmkarElectricals.Droid\OmkarElectricals.Droid.csproj", "{6103A5D0-1689-4E46-8E5A-84DBC7C2579E}"
EndProject
Project("{FAE04EC0-301F-11D3-BF4B-00C04F79EFBC}") = "OmkarElectricals.iOS", "OmkarElectricals\OmkarElectricals.iOS\OmkarElectricals.iOS.csproj", "{67C50A7F-D0DB-405C-B17B-E3B0DC4E9651}"
EndProject
Project("{FAE04EC0-301F-11D3-BF4B-00C04F79EFBC}") = "OmkarElectricals.WinPhone", "OmkarElectricals\OmkarElectricals.WinPhone\OmkarElectricals.WinPhone.csproj", "{C2F869C5-3C9F-4B52-AB89-A74F05EFBED0}"
EndProject
Project("{FAE04EC0-301F-11D3-BF4B-00C04F79EFBC}") = "OmkarElectricals.UWP", "OmkarElectricals\OmkarElectricals.UWP\OmkarElectricals.UWP.csproj", "{4061B913-082C-4B70-A00A-C902ADB72BFA}"
EndProject
Project("{FAE04EC0-301F-11D3-BF4B-00C04F79EFBC}") = "OmkarElectricals.Windows", "OmkarElectricals\OmkarElectricals.Windows\OmkarElectricals.Windows.csproj", "{7EC24087-893B-4611-9AE7-F094AB2358AE}"
EndProject
Global
	GlobalSection(SolutionConfigurationPlatforms) = preSolution
		Ad-Hoc|Any CPU = Ad-Hoc|Any CPU
		Ad-Hoc|ARM = Ad-Hoc|ARM
		Ad-Hoc|iPhone = Ad-Hoc|iPhone
		Ad-Hoc|iPhoneSimulator = Ad-Hoc|iPhoneSimulator
		Ad-Hoc|x64 = Ad-Hoc|x64
		Ad-Hoc|x86 = Ad-Hoc|x86
		AppStore|Any CPU = AppStore|Any CPU
		AppStore|ARM = AppStore|ARM
		AppStore|iPhone = AppStore|iPhone
		AppStore|iPhoneSimulator = AppStore|iPhoneSimulator
		AppStore|x64 = AppStore|x64
		AppStore|x86 = AppStore|x86
		Debug|Any CPU = Debug|Any CPU
		Debug|ARM = Debug|ARM
		Debug|iPhone = Debug|iPhone
		Debug|iPhoneSimulator = Debug|iPhoneSimulator
		Debug|x64 = Debug|x64
		Debug|x86 = Debug|x86
		Release|Any CPU = Release|Any CPU
		Release|ARM = Release|ARM
		Release|iPhone = Release|iPhone
		Release|iPhoneSimulator = Release|iPhoneSimulator
		Release|x64 = Release|x64
		Release|x86 = Release|x86
	EndGlobalSection
	GlobalSection(ProjectConfigurationPlatforms) = postSolution
		{15BF6FB5-BC8D-49BD-BB3E-E3970E99DD7D}.Ad-Hoc|Any CPU.ActiveCfg = Release|Any CPU
		{15BF6FB5-BC8D-49BD-BB3E-E3970E99DD7D}.Ad-Hoc|Any CPU.Build.0 = Release|Any CPU
		{15BF6FB5-BC8D-49BD-BB3E-E3970E99DD7D}.Ad-Hoc|ARM.ActiveCfg = Release|Any CPU
		{15BF6FB5-BC8D-49BD-BB3E-E3970E99DD7D}.Ad-Hoc|ARM.Build.0 = Release|Any CPU
		{15BF6FB5-BC8D-49BD-BB3E-E3970E99DD7D}.Ad-Hoc|iPhone.ActiveCfg = Release|Any CPU
		{15BF6FB5-BC8D-49BD-BB3E-E3970E99DD7D}.Ad-Hoc|iPhone.Build.0 = Release|Any CPU
		{15BF6FB5-BC8D-49BD-BB3E-E3970E99DD7D}.Ad-Hoc|iPhoneSimulator.ActiveCfg = Release|Any CPU
		{15BF6FB5-BC8D-49BD-BB3E-E3970E99DD7D}.Ad-Hoc|iPhoneSimulator.Build.0 = Release|Any CPU
		{15BF6FB5-BC8D-49BD-BB3E-E3970E99DD7D}.Ad-Hoc|x64.ActiveCfg = Release|Any CPU
		{15BF6FB5-BC8D-49BD-BB3E-E3970E99DD7D}.Ad-Hoc|x64.Build.0 = Release|Any CPU
		{15BF6FB5-BC8D-49BD-BB3E-E3970E99DD7D}.Ad-Hoc|x86.ActiveCfg = Release|Any CPU
		{15BF6FB5-BC8D-49BD-BB3E-E3970E99DD7D}.Ad-Hoc|x86.Build.0 = Release|Any CPU
		{15BF6FB5-BC8D-49BD-BB3E-E3970E99DD7D}.AppStore|Any CPU.ActiveCfg = Release|Any CPU
		{15BF6FB5-BC8D-49BD-BB3E-E3970E99DD7D}.AppStore|Any CPU.Build.0 = Release|Any CPU
		{15BF6FB5-BC8D-49BD-BB3E-E3970E99DD7D}.AppStore|ARM.ActiveCfg = Release|Any CPU
		{15BF6FB5-BC8D-49BD-BB3E-E3970E99DD7D}.AppStore|ARM.Build.0 = Release|Any CPU
		{15BF6FB5-BC8D-49BD-BB3E-E3970E99DD7D}.AppStore|iPhone.ActiveCfg = Release|Any CPU
		{15BF6FB5-BC8D-49BD-BB3E-E3970E99DD7D}.AppStore|iPhone.Build.0 = Release|Any CPU
		{15BF6FB5-BC8D-49BD-BB3E-E3970E99DD7D}.AppStore|iPhoneSimulator.ActiveCfg = Release|Any CPU
		{15BF6FB5-BC8D-49BD-BB3E-E3970E99DD7D}.AppStore|iPhoneSimulator.Build.0 = Release|Any CPU
		{15BF6FB5-BC8D-49BD-BB3E-E3970E99DD7D}.AppStore|x64.ActiveCfg = Release|Any CPU
		{15BF6FB5-BC8D-49BD-BB3E-E3970E99DD7D}.AppStore|x64.Build.0 = Release|Any CPU
		{15BF6FB5-BC8D-49BD-BB3E-E3970E99DD7D}.AppStore|x86.ActiveCfg = Release|Any CPU
		{15BF6FB5-BC8D-49BD-BB3E-E3970E99DD7D}.AppStore|x86.Build.0 = Release|Any CPU
		{15BF6FB5-BC8D-49BD-BB3E-E3970E99DD7D}.Debug|Any CPU.ActiveCfg = Debug|Any CPU
		{15BF6FB5-BC8D-49BD-BB3E-E3970E99DD7D}.Debug|Any CPU.Build.0 = Debug|Any CPU
		{15BF6FB5-BC8D-49BD-BB3E-E3970E99DD7D}.Debug|ARM.ActiveCfg = Debug|Any CPU
		{15BF6FB5-BC8D-49BD-BB3E-E3970E99DD7D}.Debug|ARM.Build.0 = Debug|Any CPU
		{15BF6FB5-BC8D-49BD-BB3E-E3970E99DD7D}.Debug|iPhone.ActiveCfg = Debug|Any CPU
		{15BF6FB5-BC8D-49BD-BB3E-E3970E99DD7D}.Debug|iPhone.Build.0 = Debug|Any CPU
		{15BF6FB5-BC8D-49BD-BB3E-E3970E99DD7D}.Debug|iPhoneSimulator.ActiveCfg = Debug|Any CPU
		{15BF6FB5-BC8D-49BD-BB3E-E3970E99DD7D}.Debug|iPhoneSimulator.Build.0 = Debug|Any CPU
		{15BF6FB5-BC8D-49BD-BB3E-E3970E99DD7D}.Debug|x64.ActiveCfg = Debug|Any CPU
		{15BF6FB5-BC8D-49BD-BB3E-E3970E99DD7D}.Debug|x64.Build.0 = Debug|Any CPU
		{15BF6FB5-BC8D-49BD-BB3E-E3970E99DD7D}.Debug|x86.ActiveCfg = Debug|Any CPU
		{15BF6FB5-BC8D-49BD-BB3E-E3970E99DD7D}.Debug|x86.Build.0 = Debug|Any CPU
		{15BF6FB5-BC8D-49BD-BB3E-E3970E99DD7D}.Release|Any CPU.ActiveCfg = Release|Any CPU
		{15BF6FB5-BC8D-49BD-BB3E-E3970E99DD7D}.Release|Any CPU.Build.0 = Release|Any CPU
		{15BF6FB5-BC8D-49BD-BB3E-E3970E99DD7D}.Release|ARM.ActiveCfg = Release|Any CPU
		{15BF6FB5-BC8D-49BD-BB3E-E3970E99DD7D}.Release|ARM.Build.0 = Release|Any CPU
		{15BF6FB5-BC8D-49BD-BB3E-E3970E99DD7D}.Release|iPhone.ActiveCfg = Release|Any CPU
		{15BF6FB5-BC8D-49BD-BB3E-E3970E99DD7D}.Release|iPhone.Build.0 = Release|Any CPU
		{15BF6FB5-BC8D-49BD-BB3E-E3970E99DD7D}.Release|iPhoneSimulator.ActiveCfg = Release|Any CPU
		{15BF6FB5-BC8D-49BD-BB3E-E3970E99DD7D}.Release|iPhoneSimulator.Build.0 = Release|Any CPU
		{15BF6FB5-BC8D-49BD-BB3E-E3970E99DD7D}.Release|x64.ActiveCfg = Release|Any CPU
		{15BF6FB5-BC8D-49BD-BB3E-E3970E99DD7D}.Release|x64.Build.0 = Release|Any CPU
		{15BF6FB5-BC8D-49BD-BB3E-E3970E99DD7D}.Release|x86.ActiveCfg = Release|Any CPU
		{15BF6FB5-BC8D-49BD-BB3E-E3970E99DD7D}.Release|x86.Build.0 = Release|Any CPU
		{6103A5D0-1689-4E46-8E5A-84DBC7C2579E}.Ad-Hoc|Any CPU.ActiveCfg = Release|Any CPU
		{6103A5D0-1689-4E46-8E5A-84DBC7C2579E}.Ad-Hoc|Any CPU.Build.0 = Release|Any CPU
		{6103A5D0-1689-4E46-8E5A-84DBC7C2579E}.Ad-Hoc|Any CPU.Deploy.0 = Release|Any CPU
		{6103A5D0-1689-4E46-8E5A-84DBC7C2579E}.Ad-Hoc|ARM.ActiveCfg = Release|Any CPU
		{6103A5D0-1689-4E46-8E5A-84DBC7C2579E}.Ad-Hoc|ARM.Build.0 = Release|Any CPU
		{6103A5D0-1689-4E46-8E5A-84DBC7C2579E}.Ad-Hoc|ARM.Deploy.0 = Release|Any CPU
		{6103A5D0-1689-4E46-8E5A-84DBC7C2579E}.Ad-Hoc|iPhone.ActiveCfg = Release|Any CPU
		{6103A5D0-1689-4E46-8E5A-84DBC7C2579E}.Ad-Hoc|iPhone.Build.0 = Release|Any CPU
		{6103A5D0-1689-4E46-8E5A-84DBC7C2579E}.Ad-Hoc|iPhone.Deploy.0 = Release|Any CPU
		{6103A5D0-1689-4E46-8E5A-84DBC7C2579E}.Ad-Hoc|iPhoneSimulator.ActiveCfg = Release|Any CPU
		{6103A5D0-1689-4E46-8E5A-84DBC7C2579E}.Ad-Hoc|iPhoneSimulator.Build.0 = Release|Any CPU
		{6103A5D0-1689-4E46-8E5A-84DBC7C2579E}.Ad-Hoc|iPhoneSimulator.Deploy.0 = Release|Any CPU
		{6103A5D0-1689-4E46-8E5A-84DBC7C2579E}.Ad-Hoc|x64.ActiveCfg = Release|Any CPU
		{6103A5D0-1689-4E46-8E5A-84DBC7C2579E}.Ad-Hoc|x64.Build.0 = Release|Any CPU
		{6103A5D0-1689-4E46-8E5A-84DBC7C2579E}.Ad-Hoc|x64.Deploy.0 = Release|Any CPU
		{6103A5D0-1689-4E46-8E5A-84DBC7C2579E}.Ad-Hoc|x86.ActiveCfg = Release|Any CPU
		{6103A5D0-1689-4E46-8E5A-84DBC7C2579E}.Ad-Hoc|x86.Build.0 = Release|Any CPU
		{6103A5D0-1689-4E46-8E5A-84DBC7C2579E}.Ad-Hoc|x86.Deploy.0 = Release|Any CPU
		{6103A5D0-1689-4E46-8E5A-84DBC7C2579E}.AppStore|Any CPU.ActiveCfg = Release|Any CPU
		{6103A5D0-1689-4E46-8E5A-84DBC7C2579E}.AppStore|Any CPU.Build.0 = Release|Any CPU
		{6103A5D0-1689-4E46-8E5A-84DBC7C2579E}.AppStore|Any CPU.Deploy.0 = Release|Any CPU
		{6103A5D0-1689-4E46-8E5A-84DBC7C2579E}.AppStore|ARM.ActiveCfg = Release|Any CPU
		{6103A5D0-1689-4E46-8E5A-84DBC7C2579E}.AppStore|ARM.Build.0 = Release|Any CPU
		{6103A5D0-1689-4E46-8E5A-84DBC7C2579E}.AppStore|ARM.Deploy.0 = Release|Any CPU
		{6103A5D0-1689-4E46-8E5A-84DBC7C2579E}.AppStore|iPhone.ActiveCfg = Release|Any CPU
		{6103A5D0-1689-4E46-8E5A-84DBC7C2579E}.AppStore|iPhone.Build.0 = Release|Any CPU
		{6103A5D0-1689-4E46-8E5A-84DBC7C2579E}.AppStore|iPhone.Deploy.0 = Release|Any CPU
		{6103A5D0-1689-4E46-8E5A-84DBC7C2579E}.AppStore|iPhoneSimulator.ActiveCfg = Release|Any CPU
		{6103A5D0-1689-4E46-8E5A-84DBC7C2579E}.AppStore|iPhoneSimulator.Build.0 = Release|Any CPU
		{6103A5D0-1689-4E46-8E5A-84DBC7C2579E}.AppStore|iPhoneSimulator.Deploy.0 = Release|Any CPU
		{6103A5D0-1689-4E46-8E5A-84DBC7C2579E}.AppStore|x64.ActiveCfg = Release|Any CPU
		{6103A5D0-1689-4E46-8E5A-84DBC7C2579E}.AppStore|x64.Build.0 = Release|Any CPU
		{6103A5D0-1689-4E46-8E5A-84DBC7C2579E}.AppStore|x64.Deploy.0 = Release|Any CPU
		{6103A5D0-1689-4E46-8E5A-84DBC7C2579E}.AppStore|x86.ActiveCfg = Release|Any CPU
		{6103A5D0-1689-4E46-8E5A-84DBC7C2579E}.AppStore|x86.Build.0 = Release|Any CPU
		{6103A5D0-1689-4E46-8E5A-84DBC7C2579E}.AppStore|x86.Deploy.0 = Release|Any CPU
		{6103A5D0-1689-4E46-8E5A-84DBC7C2579E}.Debug|Any CPU.ActiveCfg = Debug|Any CPU
		{6103A5D0-1689-4E46-8E5A-84DBC7C2579E}.Debug|Any CPU.Build.0 = Debug|Any CPU
		{6103A5D0-1689-4E46-8E5A-84DBC7C2579E}.Debug|Any CPU.Deploy.0 = Debug|Any CPU
		{6103A5D0-1689-4E46-8E5A-84DBC7C2579E}.Debug|ARM.ActiveCfg = Debug|Any CPU
		{6103A5D0-1689-4E46-8E5A-84DBC7C2579E}.Debug|ARM.Build.0 = Debug|Any CPU
		{6103A5D0-1689-4E46-8E5A-84DBC7C2579E}.Debug|ARM.Deploy.0 = Debug|Any CPU
		{6103A5D0-1689-4E46-8E5A-84DBC7C2579E}.Debug|iPhone.ActiveCfg = Debug|Any CPU
		{6103A5D0-1689-4E46-8E5A-84DBC7C2579E}.Debug|iPhone.Build.0 = Debug|Any CPU
		{6103A5D0-1689-4E46-8E5A-84DBC7C2579E}.Debug|iPhone.Deploy.0 = Debug|Any CPU
		{6103A5D0-1689-4E46-8E5A-84DBC7C2579E}.Debug|iPhoneSimulator.ActiveCfg = Debug|Any CPU
		{6103A5D0-1689-4E46-8E5A-84DBC7C2579E}.Debug|iPhoneSimulator.Build.0 = Debug|Any CPU
		{6103A5D0-1689-4E46-8E5A-84DBC7C2579E}.Debug|iPhoneSimulator.Deploy.0 = Debug|Any CPU
		{6103A5D0-1689-4E46-8E5A-84DBC7C2579E}.Debug|x64.ActiveCfg = Debug|Any CPU
		{6103A5D0-1689-4E46-8E5A-84DBC7C2579E}.Debug|x64.Build.0 = Debug|Any CPU
		{6103A5D0-1689-4E46-8E5A-84DBC7C2579E}.Debug|x64.Deploy.0 = Debug|Any CPU
		{6103A5D0-1689-4E46-8E5A-84DBC7C2579E}.Debug|x86.ActiveCfg = Debug|Any CPU
		{6103A5D0-1689-4E46-8E5A-84DBC7C2579E}.Release|Any CPU.ActiveCfg = Release|Any CPU
		{6103A5D0-1689-4E46-8E5A-84DBC7C2579E}.Release|Any CPU.Build.0 = Release|Any CPU
		{6103A5D0-1689-4E46-8E5A-84DBC7C2579E}.Release|Any CPU.Deploy.0 = Release|Any CPU
		{6103A5D0-1689-4E46-8E5A-84DBC7C2579E}.Release|ARM.ActiveCfg = Release|Any CPU
		{6103A5D0-1689-4E46-8E5A-84DBC7C2579E}.Release|ARM.Build.0 = Release|Any CPU
		{6103A5D0-1689-4E46-8E5A-84DBC7C2579E}.Release|ARM.Deploy.0 = Release|Any CPU
		{6103A5D0-1689-4E46-8E5A-84DBC7C2579E}.Release|iPhone.ActiveCfg = Release|Any CPU
		{6103A5D0-1689-4E46-8E5A-84DBC7C2579E}.Release|iPhone.Build.0 = Release|Any CPU
		{6103A5D0-1689-4E46-8E5A-84DBC7C2579E}.Release|iPhone.Deploy.0 = Release|Any CPU
		{6103A5D0-1689-4E46-8E5A-84DBC7C2579E}.Release|iPhoneSimulator.ActiveCfg = Release|Any CPU
		{6103A5D0-1689-4E46-8E5A-84DBC7C2579E}.Release|iPhoneSimulator.Build.0 = Release|Any CPU
		{6103A5D0-1689-4E46-8E5A-84DBC7C2579E}.Release|iPhoneSimulator.Deploy.0 = Release|Any CPU
		{6103A5D0-1689-4E46-8E5A-84DBC7C2579E}.Release|x64.ActiveCfg = Release|Any CPU
		{6103A5D0-1689-4E46-8E5A-84DBC7C2579E}.Release|x64.Build.0 = Release|Any CPU
		{6103A5D0-1689-4E46-8E5A-84DBC7C2579E}.Release|x64.Deploy.0 = Release|Any CPU
		{6103A5D0-1689-4E46-8E5A-84DBC7C2579E}.Release|x86.ActiveCfg = Release|Any CPU
		{6103A5D0-1689-4E46-8E5A-84DBC7C2579E}.Release|x86.Build.0 = Release|Any CPU
		{6103A5D0-1689-4E46-8E5A-84DBC7C2579E}.Release|x86.Deploy.0 = Release|Any CPU
		{67C50A7F-D0DB-405C-B17B-E3B0DC4E9651}.Ad-Hoc|Any CPU.ActiveCfg = Ad-Hoc|iPhone
		{67C50A7F-D0DB-405C-B17B-E3B0DC4E9651}.Ad-Hoc|ARM.ActiveCfg = Ad-Hoc|iPhone
		{67C50A7F-D0DB-405C-B17B-E3B0DC4E9651}.Ad-Hoc|iPhone.ActiveCfg = Ad-Hoc|iPhone
		{67C50A7F-D0DB-405C-B17B-E3B0DC4E9651}.Ad-Hoc|iPhone.Build.0 = Ad-Hoc|iPhone
		{67C50A7F-D0DB-405C-B17B-E3B0DC4E9651}.Ad-Hoc|iPhoneSimulator.ActiveCfg = Ad-Hoc|iPhoneSimulator
		{67C50A7F-D0DB-405C-B17B-E3B0DC4E9651}.Ad-Hoc|iPhoneSimulator.Build.0 = Ad-Hoc|iPhoneSimulator
		{67C50A7F-D0DB-405C-B17B-E3B0DC4E9651}.Ad-Hoc|x64.ActiveCfg = Ad-Hoc|iPhone
		{67C50A7F-D0DB-405C-B17B-E3B0DC4E9651}.Ad-Hoc|x86.ActiveCfg = Ad-Hoc|iPhone
		{67C50A7F-D0DB-405C-B17B-E3B0DC4E9651}.AppStore|Any CPU.ActiveCfg = AppStore|iPhone
		{67C50A7F-D0DB-405C-B17B-E3B0DC4E9651}.AppStore|ARM.ActiveCfg = AppStore|iPhone
		{67C50A7F-D0DB-405C-B17B-E3B0DC4E9651}.AppStore|iPhone.ActiveCfg = AppStore|iPhone
		{67C50A7F-D0DB-405C-B17B-E3B0DC4E9651}.AppStore|iPhone.Build.0 = AppStore|iPhone
		{67C50A7F-D0DB-405C-B17B-E3B0DC4E9651}.AppStore|iPhoneSimulator.ActiveCfg = AppStore|iPhoneSimulator
		{67C50A7F-D0DB-405C-B17B-E3B0DC4E9651}.AppStore|iPhoneSimulator.Build.0 = AppStore|iPhoneSimulator
		{67C50A7F-D0DB-405C-B17B-E3B0DC4E9651}.AppStore|x64.ActiveCfg = AppStore|iPhone
		{67C50A7F-D0DB-405C-B17B-E3B0DC4E9651}.AppStore|x86.ActiveCfg = AppStore|iPhone
		{67C50A7F-D0DB-405C-B17B-E3B0DC4E9651}.Debug|Any CPU.ActiveCfg = Debug|iPhone
		{67C50A7F-D0DB-405C-B17B-E3B0DC4E9651}.Debug|ARM.ActiveCfg = Debug|iPhone
		{67C50A7F-D0DB-405C-B17B-E3B0DC4E9651}.Debug|iPhone.ActiveCfg = Debug|iPhone
		{67C50A7F-D0DB-405C-B17B-E3B0DC4E9651}.Debug|iPhone.Build.0 = Debug|iPhone
		{67C50A7F-D0DB-405C-B17B-E3B0DC4E9651}.Debug|iPhoneSimulator.ActiveCfg = Debug|iPhoneSimulator
		{67C50A7F-D0DB-405C-B17B-E3B0DC4E9651}.Debug|iPhoneSimulator.Build.0 = Debug|iPhoneSimulator
		{67C50A7F-D0DB-405C-B17B-E3B0DC4E9651}.Debug|x64.ActiveCfg = Debug|iPhone
		{67C50A7F-D0DB-405C-B17B-E3B0DC4E9651}.Debug|x86.ActiveCfg = Debug|iPhone
		{67C50A7F-D0DB-405C-B17B-E3B0DC4E9651}.Release|Any CPU.ActiveCfg = Release|iPhone
		{67C50A7F-D0DB-405C-B17B-E3B0DC4E9651}.Release|ARM.ActiveCfg = Release|iPhone
		{67C50A7F-D0DB-405C-B17B-E3B0DC4E9651}.Release|iPhone.ActiveCfg = Release|iPhone
		{67C50A7F-D0DB-405C-B17B-E3B0DC4E9651}.Release|iPhone.Build.0 = Release|iPhone
		{67C50A7F-D0DB-405C-B17B-E3B0DC4E9651}.Release|iPhoneSimulator.ActiveCfg = Release|iPhoneSimulator
		{67C50A7F-D0DB-405C-B17B-E3B0DC4E9651}.Release|iPhoneSimulator.Build.0 = Release|iPhoneSimulator
		{67C50A7F-D0DB-405C-B17B-E3B0DC4E9651}.Release|x64.ActiveCfg = Release|iPhone
		{67C50A7F-D0DB-405C-B17B-E3B0DC4E9651}.Release|x86.ActiveCfg = Release|iPhone
		{C2F869C5-3C9F-4B52-AB89-A74F05EFBED0}.Ad-Hoc|Any CPU.ActiveCfg = Release|Any CPU
		{C2F869C5-3C9F-4B52-AB89-A74F05EFBED0}.Ad-Hoc|Any CPU.Build.0 = Release|Any CPU
		{C2F869C5-3C9F-4B52-AB89-A74F05EFBED0}.Ad-Hoc|Any CPU.Deploy.0 = Release|Any CPU
		{C2F869C5-3C9F-4B52-AB89-A74F05EFBED0}.Ad-Hoc|ARM.ActiveCfg = Release|ARM
		{C2F869C5-3C9F-4B52-AB89-A74F05EFBED0}.Ad-Hoc|ARM.Build.0 = Release|ARM
		{C2F869C5-3C9F-4B52-AB89-A74F05EFBED0}.Ad-Hoc|ARM.Deploy.0 = Release|ARM
		{C2F869C5-3C9F-4B52-AB89-A74F05EFBED0}.Ad-Hoc|iPhone.ActiveCfg = Release|Any CPU
		{C2F869C5-3C9F-4B52-AB89-A74F05EFBED0}.Ad-Hoc|iPhone.Build.0 = Release|Any CPU
		{C2F869C5-3C9F-4B52-AB89-A74F05EFBED0}.Ad-Hoc|iPhone.Deploy.0 = Release|Any CPU
		{C2F869C5-3C9F-4B52-AB89-A74F05EFBED0}.Ad-Hoc|iPhoneSimulator.ActiveCfg = Release|Any CPU
		{C2F869C5-3C9F-4B52-AB89-A74F05EFBED0}.Ad-Hoc|iPhoneSimulator.Build.0 = Release|Any CPU
		{C2F869C5-3C9F-4B52-AB89-A74F05EFBED0}.Ad-Hoc|iPhoneSimulator.Deploy.0 = Release|Any CPU
		{C2F869C5-3C9F-4B52-AB89-A74F05EFBED0}.Ad-Hoc|x64.ActiveCfg = Release|Any CPU
		{C2F869C5-3C9F-4B52-AB89-A74F05EFBED0}.Ad-Hoc|x64.Build.0 = Release|Any CPU
		{C2F869C5-3C9F-4B52-AB89-A74F05EFBED0}.Ad-Hoc|x64.Deploy.0 = Release|Any CPU
		{C2F869C5-3C9F-4B52-AB89-A74F05EFBED0}.Ad-Hoc|x86.ActiveCfg = Release|x86
		{C2F869C5-3C9F-4B52-AB89-A74F05EFBED0}.Ad-Hoc|x86.Build.0 = Release|x86
		{C2F869C5-3C9F-4B52-AB89-A74F05EFBED0}.Ad-Hoc|x86.Deploy.0 = Release|x86
		{C2F869C5-3C9F-4B52-AB89-A74F05EFBED0}.AppStore|Any CPU.ActiveCfg = Release|Any CPU
		{C2F869C5-3C9F-4B52-AB89-A74F05EFBED0}.AppStore|Any CPU.Build.0 = Release|Any CPU
		{C2F869C5-3C9F-4B52-AB89-A74F05EFBED0}.AppStore|Any CPU.Deploy.0 = Release|Any CPU
		{C2F869C5-3C9F-4B52-AB89-A74F05EFBED0}.AppStore|ARM.ActiveCfg = Release|ARM
		{C2F869C5-3C9F-4B52-AB89-A74F05EFBED0}.AppStore|ARM.Build.0 = Release|ARM
		{C2F869C5-3C9F-4B52-AB89-A74F05EFBED0}.AppStore|ARM.Deploy.0 = Release|ARM
		{C2F869C5-3C9F-4B52-AB89-A74F05EFBED0}.AppStore|iPhone.ActiveCfg = Release|Any CPU
		{C2F869C5-3C9F-4B52-AB89-A74F05EFBED0}.AppStore|iPhone.Build.0 = Release|Any CPU
		{C2F869C5-3C9F-4B52-AB89-A74F05EFBED0}.AppStore|iPhone.Deploy.0 = Release|Any CPU
		{C2F869C5-3C9F-4B52-AB89-A74F05EFBED0}.AppStore|iPhoneSimulator.ActiveCfg = Release|Any CPU
		{C2F869C5-3C9F-4B52-AB89-A74F05EFBED0}.AppStore|iPhoneSimulator.Build.0 = Release|Any CPU
		{C2F869C5-3C9F-4B52-AB89-A74F05EFBED0}.AppStore|iPhoneSimulator.Deploy.0 = Release|Any CPU
		{C2F869C5-3C9F-4B52-AB89-A74F05EFBED0}.AppStore|x64.ActiveCfg = Release|Any CPU
		{C2F869C5-3C9F-4B52-AB89-A74F05EFBED0}.AppStore|x64.Build.0 = Release|Any CPU
		{C2F869C5-3C9F-4B52-AB89-A74F05EFBED0}.AppStore|x64.Deploy.0 = Release|Any CPU
		{C2F869C5-3C9F-4B52-AB89-A74F05EFBED0}.AppStore|x86.ActiveCfg = Release|x86
		{C2F869C5-3C9F-4B52-AB89-A74F05EFBED0}.AppStore|x86.Build.0 = Release|x86
		{C2F869C5-3C9F-4B52-AB89-A74F05EFBED0}.AppStore|x86.Deploy.0 = Release|x86
		{C2F869C5-3C9F-4B52-AB89-A74F05EFBED0}.Debug|Any CPU.ActiveCfg = Debug|Any CPU
		{C2F869C5-3C9F-4B52-AB89-A74F05EFBED0}.Debug|Any CPU.Build.0 = Debug|Any CPU
		{C2F869C5-3C9F-4B52-AB89-A74F05EFBED0}.Debug|Any CPU.Deploy.0 = Debug|Any CPU
		{C2F869C5-3C9F-4B52-AB89-A74F05EFBED0}.Debug|ARM.ActiveCfg = Debug|ARM
		{C2F869C5-3C9F-4B52-AB89-A74F05EFBED0}.Debug|ARM.Build.0 = Debug|ARM
		{C2F869C5-3C9F-4B52-AB89-A74F05EFBED0}.Debug|ARM.Deploy.0 = Debug|ARM
		{C2F869C5-3C9F-4B52-AB89-A74F05EFBED0}.Debug|iPhone.ActiveCfg = Debug|Any CPU
		{C2F869C5-3C9F-4B52-AB89-A74F05EFBED0}.Debug|iPhone.Build.0 = Debug|Any CPU
		{C2F869C5-3C9F-4B52-AB89-A74F05EFBED0}.Debug|iPhone.Deploy.0 = Debug|Any CPU
		{C2F869C5-3C9F-4B52-AB89-A74F05EFBED0}.Debug|iPhoneSimulator.ActiveCfg = Debug|Any CPU
		{C2F869C5-3C9F-4B52-AB89-A74F05EFBED0}.Debug|iPhoneSimulator.Build.0 = Debug|Any CPU
		{C2F869C5-3C9F-4B52-AB89-A74F05EFBED0}.Debug|iPhoneSimulator.Deploy.0 = Debug|Any CPU
		{C2F869C5-3C9F-4B52-AB89-A74F05EFBED0}.Debug|x64.ActiveCfg = Debug|Any CPU
		{C2F869C5-3C9F-4B52-AB89-A74F05EFBED0}.Debug|x64.Build.0 = Debug|Any CPU
		{C2F869C5-3C9F-4B52-AB89-A74F05EFBED0}.Debug|x64.Deploy.0 = Debug|Any CPU
		{C2F869C5-3C9F-4B52-AB89-A74F05EFBED0}.Debug|x86.ActiveCfg = Debug|x86
		{C2F869C5-3C9F-4B52-AB89-A74F05EFBED0}.Release|Any CPU.ActiveCfg = Release|Any CPU
		{C2F869C5-3C9F-4B52-AB89-A74F05EFBED0}.Release|Any CPU.Build.0 = Release|Any CPU
		{C2F869C5-3C9F-4B52-AB89-A74F05EFBED0}.Release|Any CPU.Deploy.0 = Release|Any CPU
		{C2F869C5-3C9F-4B52-AB89-A74F05EFBED0}.Release|ARM.ActiveCfg = Release|ARM
		{C2F869C5-3C9F-4B52-AB89-A74F05EFBED0}.Release|ARM.Build.0 = Release|ARM
		{C2F869C5-3C9F-4B52-AB89-A74F05EFBED0}.Release|ARM.Deploy.0 = Release|ARM
		{C2F869C5-3C9F-4B52-AB89-A74F05EFBED0}.Release|iPhone.ActiveCfg = Release|Any CPU
		{C2F869C5-3C9F-4B52-AB89-A74F05EFBED0}.Release|iPhone.Build.0 = Release|Any CPU
		{C2F869C5-3C9F-4B52-AB89-A74F05EFBED0}.Release|iPhone.Deploy.0 = Release|Any CPU
		{C2F869C5-3C9F-4B52-AB89-A74F05EFBED0}.Release|iPhoneSimulator.ActiveCfg = Release|Any CPU
		{C2F869C5-3C9F-4B52-AB89-A74F05EFBED0}.Release|iPhoneSimulator.Build.0 = Release|Any CPU
		{C2F869C5-3C9F-4B52-AB89-A74F05EFBED0}.Release|iPhoneSimulator.Deploy.0 = Release|Any CPU
		{C2F869C5-3C9F-4B52-AB89-A74F05EFBED0}.Release|x64.ActiveCfg = Release|Any CPU
		{C2F869C5-3C9F-4B52-AB89-A74F05EFBED0}.Release|x64.Build.0 = Release|Any CPU
		{C2F869C5-3C9F-4B52-AB89-A74F05EFBED0}.Release|x64.Deploy.0 = Release|Any CPU
		{C2F869C5-3C9F-4B52-AB89-A74F05EFBED0}.Release|x86.ActiveCfg = Release|x86
		{C2F869C5-3C9F-4B52-AB89-A74F05EFBED0}.Release|x86.Build.0 = Release|x86
		{C2F869C5-3C9F-4B52-AB89-A74F05EFBED0}.Release|x86.Deploy.0 = Release|x86
		{4061B913-082C-4B70-A00A-C902ADB72BFA}.Ad-Hoc|Any CPU.ActiveCfg = Release|x86
		{4061B913-082C-4B70-A00A-C902ADB72BFA}.Ad-Hoc|Any CPU.Build.0 = Release|x86
		{4061B913-082C-4B70-A00A-C902ADB72BFA}.Ad-Hoc|Any CPU.Deploy.0 = Release|x86
		{4061B913-082C-4B70-A00A-C902ADB72BFA}.Ad-Hoc|ARM.ActiveCfg = Release|ARM
		{4061B913-082C-4B70-A00A-C902ADB72BFA}.Ad-Hoc|ARM.Build.0 = Release|ARM
		{4061B913-082C-4B70-A00A-C902ADB72BFA}.Ad-Hoc|ARM.Deploy.0 = Release|ARM
		{4061B913-082C-4B70-A00A-C902ADB72BFA}.Ad-Hoc|iPhone.ActiveCfg = Release|x86
		{4061B913-082C-4B70-A00A-C902ADB72BFA}.Ad-Hoc|iPhone.Build.0 = Release|x86
		{4061B913-082C-4B70-A00A-C902ADB72BFA}.Ad-Hoc|iPhone.Deploy.0 = Release|x86
		{4061B913-082C-4B70-A00A-C902ADB72BFA}.Ad-Hoc|iPhoneSimulator.ActiveCfg = Release|x86
		{4061B913-082C-4B70-A00A-C902ADB72BFA}.Ad-Hoc|iPhoneSimulator.Build.0 = Release|x86
		{4061B913-082C-4B70-A00A-C902ADB72BFA}.Ad-Hoc|iPhoneSimulator.Deploy.0 = Release|x86
		{4061B913-082C-4B70-A00A-C902ADB72BFA}.Ad-Hoc|x64.ActiveCfg = Release|x64
		{4061B913-082C-4B70-A00A-C902ADB72BFA}.Ad-Hoc|x64.Build.0 = Release|x64
		{4061B913-082C-4B70-A00A-C902ADB72BFA}.Ad-Hoc|x64.Deploy.0 = Release|x64
		{4061B913-082C-4B70-A00A-C902ADB72BFA}.Ad-Hoc|x86.ActiveCfg = Release|x86
		{4061B913-082C-4B70-A00A-C902ADB72BFA}.Ad-Hoc|x86.Build.0 = Release|x86
		{4061B913-082C-4B70-A00A-C902ADB72BFA}.Ad-Hoc|x86.Deploy.0 = Release|x86
		{4061B913-082C-4B70-A00A-C902ADB72BFA}.AppStore|Any CPU.ActiveCfg = Release|x86
		{4061B913-082C-4B70-A00A-C902ADB72BFA}.AppStore|Any CPU.Build.0 = Release|x86
		{4061B913-082C-4B70-A00A-C902ADB72BFA}.AppStore|Any CPU.Deploy.0 = Release|x86
		{4061B913-082C-4B70-A00A-C902ADB72BFA}.AppStore|ARM.ActiveCfg = Release|ARM
		{4061B913-082C-4B70-A00A-C902ADB72BFA}.AppStore|ARM.Build.0 = Release|ARM
		{4061B913-082C-4B70-A00A-C902ADB72BFA}.AppStore|ARM.Deploy.0 = Release|ARM
		{4061B913-082C-4B70-A00A-C902ADB72BFA}.AppStore|iPhone.ActiveCfg = Release|x86
		{4061B913-082C-4B70-A00A-C902ADB72BFA}.AppStore|iPhone.Build.0 = Release|x86
		{4061B913-082C-4B70-A00A-C902ADB72BFA}.AppStore|iPhone.Deploy.0 = Release|x86
		{4061B913-082C-4B70-A00A-C902ADB72BFA}.AppStore|iPhoneSimulator.ActiveCfg = Release|x86
		{4061B913-082C-4B70-A00A-C902ADB72BFA}.AppStore|iPhoneSimulator.Build.0 = Release|x86
		{4061B913-082C-4B70-A00A-C902ADB72BFA}.AppStore|iPhoneSimulator.Deploy.0 = Release|x86
		{4061B913-082C-4B70-A00A-C902ADB72BFA}.AppStore|x64.ActiveCfg = Release|x64
		{4061B913-082C-4B70-A00A-C902ADB72BFA}.AppStore|x64.Build.0 = Release|x64
		{4061B913-082C-4B70-A00A-C902ADB72BFA}.AppStore|x64.Deploy.0 = Release|x64
		{4061B913-082C-4B70-A00A-C902ADB72BFA}.AppStore|x86.ActiveCfg = Release|x86
		{4061B913-082C-4B70-A00A-C902ADB72BFA}.AppStore|x86.Build.0 = Release|x86
		{4061B913-082C-4B70-A00A-C902ADB72BFA}.AppStore|x86.Deploy.0 = Release|x86
		{4061B913-082C-4B70-A00A-C902ADB72BFA}.Debug|Any CPU.ActiveCfg = Debug|x86
		{4061B913-082C-4B70-A00A-C902ADB72BFA}.Debug|ARM.ActiveCfg = Debug|ARM
		{4061B913-082C-4B70-A00A-C902ADB72BFA}.Debug|ARM.Build.0 = Debug|ARM
		{4061B913-082C-4B70-A00A-C902ADB72BFA}.Debug|ARM.Deploy.0 = Debug|ARM
		{4061B913-082C-4B70-A00A-C902ADB72BFA}.Debug|iPhone.ActiveCfg = Debug|x86
		{4061B913-082C-4B70-A00A-C902ADB72BFA}.Debug|iPhoneSimulator.ActiveCfg = Debug|x86
		{4061B913-082C-4B70-A00A-C902ADB72BFA}.Debug|x64.ActiveCfg = Debug|x64
		{4061B913-082C-4B70-A00A-C902ADB72BFA}.Debug|x64.Build.0 = Debug|x64
		{4061B913-082C-4B70-A00A-C902ADB72BFA}.Debug|x64.Deploy.0 = Debug|x64
		{4061B913-082C-4B70-A00A-C902ADB72BFA}.Debug|x86.ActiveCfg = Debug|x86
		{4061B913-082C-4B70-A00A-C902ADB72BFA}.Release|Any CPU.ActiveCfg = Release|x86
		{4061B913-082C-4B70-A00A-C902ADB72BFA}.Release|ARM.ActiveCfg = Release|ARM
		{4061B913-082C-4B70-A00A-C902ADB72BFA}.Release|ARM.Build.0 = Release|ARM
		{4061B913-082C-4B70-A00A-C902ADB72BFA}.Release|ARM.Deploy.0 = Release|ARM
		{4061B913-082C-4B70-A00A-C902ADB72BFA}.Release|iPhone.ActiveCfg = Release|x86
		{4061B913-082C-4B70-A00A-C902ADB72BFA}.Release|iPhoneSimulator.ActiveCfg = Release|x86
		{4061B913-082C-4B70-A00A-C902ADB72BFA}.Release|x64.ActiveCfg = Release|x64
		{4061B913-082C-4B70-A00A-C902ADB72BFA}.Release|x64.Build.0 = Release|x64
		{4061B913-082C-4B70-A00A-C902ADB72BFA}.Release|x64.Deploy.0 = Release|x64
		{4061B913-082C-4B70-A00A-C902ADB72BFA}.Release|x86.ActiveCfg = Release|x86
		{4061B913-082C-4B70-A00A-C902ADB72BFA}.Release|x86.Build.0 = Release|x86
		{4061B913-082C-4B70-A00A-C902ADB72BFA}.Release|x86.Deploy.0 = Release|x86
		{7EC24087-893B-4611-9AE7-F094AB2358AE}.Ad-Hoc|Any CPU.ActiveCfg = Release|Any CPU
		{7EC24087-893B-4611-9AE7-F094AB2358AE}.Ad-Hoc|Any CPU.Build.0 = Release|Any CPU
		{7EC24087-893B-4611-9AE7-F094AB2358AE}.Ad-Hoc|Any CPU.Deploy.0 = Release|Any CPU
		{7EC24087-893B-4611-9AE7-F094AB2358AE}.Ad-Hoc|ARM.ActiveCfg = Release|ARM
		{7EC24087-893B-4611-9AE7-F094AB2358AE}.Ad-Hoc|ARM.Build.0 = Release|ARM
		{7EC24087-893B-4611-9AE7-F094AB2358AE}.Ad-Hoc|ARM.Deploy.0 = Release|ARM
		{7EC24087-893B-4611-9AE7-F094AB2358AE}.Ad-Hoc|iPhone.ActiveCfg = Release|Any CPU
		{7EC24087-893B-4611-9AE7-F094AB2358AE}.Ad-Hoc|iPhone.Build.0 = Release|Any CPU
		{7EC24087-893B-4611-9AE7-F094AB2358AE}.Ad-Hoc|iPhone.Deploy.0 = Release|Any CPU
		{7EC24087-893B-4611-9AE7-F094AB2358AE}.Ad-Hoc|iPhoneSimulator.ActiveCfg = Release|Any CPU
		{7EC24087-893B-4611-9AE7-F094AB2358AE}.Ad-Hoc|iPhoneSimulator.Build.0 = Release|Any CPU
		{7EC24087-893B-4611-9AE7-F094AB2358AE}.Ad-Hoc|iPhoneSimulator.Deploy.0 = Release|Any CPU
		{7EC24087-893B-4611-9AE7-F094AB2358AE}.Ad-Hoc|x64.ActiveCfg = Release|x64
		{7EC24087-893B-4611-9AE7-F094AB2358AE}.Ad-Hoc|x64.Build.0 = Release|x64
		{7EC24087-893B-4611-9AE7-F094AB2358AE}.Ad-Hoc|x64.Deploy.0 = Release|x64
		{7EC24087-893B-4611-9AE7-F094AB2358AE}.Ad-Hoc|x86.ActiveCfg = Release|x86
		{7EC24087-893B-4611-9AE7-F094AB2358AE}.Ad-Hoc|x86.Build.0 = Release|x86
		{7EC24087-893B-4611-9AE7-F094AB2358AE}.Ad-Hoc|x86.Deploy.0 = Release|x86
		{7EC24087-893B-4611-9AE7-F094AB2358AE}.AppStore|Any CPU.ActiveCfg = Release|Any CPU
		{7EC24087-893B-4611-9AE7-F094AB2358AE}.AppStore|Any CPU.Build.0 = Release|Any CPU
		{7EC24087-893B-4611-9AE7-F094AB2358AE}.AppStore|Any CPU.Deploy.0 = Release|Any CPU
		{7EC24087-893B-4611-9AE7-F094AB2358AE}.AppStore|ARM.ActiveCfg = Release|ARM
		{7EC24087-893B-4611-9AE7-F094AB2358AE}.AppStore|ARM.Build.0 = Release|ARM
		{7EC24087-893B-4611-9AE7-F094AB2358AE}.AppStore|ARM.Deploy.0 = Release|ARM
		{7EC24087-893B-4611-9AE7-F094AB2358AE}.AppStore|iPhone.ActiveCfg = Release|Any CPU
		{7EC24087-893B-4611-9AE7-F094AB2358AE}.AppStore|iPhone.Build.0 = Release|Any CPU
		{7EC24087-893B-4611-9AE7-F094AB2358AE}.AppStore|iPhone.Deploy.0 = Release|Any CPU
		{7EC24087-893B-4611-9AE7-F094AB2358AE}.AppStore|iPhoneSimulator.ActiveCfg = Release|Any CPU
		{7EC24087-893B-4611-9AE7-F094AB2358AE}.AppStore|iPhoneSimulator.Build.0 = Release|Any CPU
		{7EC24087-893B-4611-9AE7-F094AB2358AE}.AppStore|iPhoneSimulator.Deploy.0 = Release|Any CPU
		{7EC24087-893B-4611-9AE7-F094AB2358AE}.AppStore|x64.ActiveCfg = Release|x64
		{7EC24087-893B-4611-9AE7-F094AB2358AE}.AppStore|x64.Build.0 = Release|x64
		{7EC24087-893B-4611-9AE7-F094AB2358AE}.AppStore|x64.Deploy.0 = Release|x64
		{7EC24087-893B-4611-9AE7-F094AB2358AE}.AppStore|x86.ActiveCfg = Release|x86
		{7EC24087-893B-4611-9AE7-F094AB2358AE}.AppStore|x86.Build.0 = Release|x86
		{7EC24087-893B-4611-9AE7-F094AB2358AE}.AppStore|x86.Deploy.0 = Release|x86
		{7EC24087-893B-4611-9AE7-F094AB2358AE}.Debug|Any CPU.ActiveCfg = Debug|Any CPU
		{7EC24087-893B-4611-9AE7-F094AB2358AE}.Debug|Any CPU.Build.0 = Debug|Any CPU
		{7EC24087-893B-4611-9AE7-F094AB2358AE}.Debug|Any CPU.Deploy.0 = Debug|Any CPU
		{7EC24087-893B-4611-9AE7-F094AB2358AE}.Debug|ARM.ActiveCfg = Debug|ARM
		{7EC24087-893B-4611-9AE7-F094AB2358AE}.Debug|ARM.Build.0 = Debug|ARM
		{7EC24087-893B-4611-9AE7-F094AB2358AE}.Debug|ARM.Deploy.0 = Debug|ARM
		{7EC24087-893B-4611-9AE7-F094AB2358AE}.Debug|iPhone.ActiveCfg = Debug|Any CPU
		{7EC24087-893B-4611-9AE7-F094AB2358AE}.Debug|iPhone.Build.0 = Debug|Any CPU
		{7EC24087-893B-4611-9AE7-F094AB2358AE}.Debug|iPhone.Deploy.0 = Debug|Any CPU
		{7EC24087-893B-4611-9AE7-F094AB2358AE}.Debug|iPhoneSimulator.ActiveCfg = Debug|Any CPU
		{7EC24087-893B-4611-9AE7-F094AB2358AE}.Debug|iPhoneSimulator.Build.0 = Debug|Any CPU
		{7EC24087-893B-4611-9AE7-F094AB2358AE}.Debug|iPhoneSimulator.Deploy.0 = Debug|Any CPU
		{7EC24087-893B-4611-9AE7-F094AB2358AE}.Debug|x64.ActiveCfg = Debug|x64
		{7EC24087-893B-4611-9AE7-F094AB2358AE}.Debug|x64.Build.0 = Debug|x64
		{7EC24087-893B-4611-9AE7-F094AB2358AE}.Debug|x64.Deploy.0 = Debug|x64
		{7EC24087-893B-4611-9AE7-F094AB2358AE}.Debug|x86.ActiveCfg = Debug|x86
		{7EC24087-893B-4611-9AE7-F094AB2358AE}.Debug|x86.Build.0 = Debug|x86
		{7EC24087-893B-4611-9AE7-F094AB2358AE}.Debug|x86.Deploy.0 = Debug|x86
		{7EC24087-893B-4611-9AE7-F094AB2358AE}.Release|Any CPU.ActiveCfg = Release|Any CPU
		{7EC24087-893B-4611-9AE7-F094AB2358AE}.Release|Any CPU.Build.0 = Release|Any CPU
		{7EC24087-893B-4611-9AE7-F094AB2358AE}.Release|Any CPU.Deploy.0 = Release|Any CPU
		{7EC24087-893B-4611-9AE7-F094AB2358AE}.Release|ARM.ActiveCfg = Release|ARM
		{7EC24087-893B-4611-9AE7-F094AB2358AE}.Release|ARM.Build.0 = Release|ARM
		{7EC24087-893B-4611-9AE7-F094AB2358AE}.Release|ARM.Deploy.0 = Release|ARM
		{7EC24087-893B-4611-9AE7-F094AB2358AE}.Release|iPhone.ActiveCfg = Release|Any CPU
		{7EC24087-893B-4611-9AE7-F094AB2358AE}.Release|iPhone.Build.0 = Release|Any CPU
		{7EC24087-893B-4611-9AE7-F094AB2358AE}.Release|iPhone.Deploy.0 = Release|Any CPU
		{7EC24087-893B-4611-9AE7-F094AB2358AE}.Release|iPhoneSimulator.ActiveCfg = Release|Any CPU
		{7EC24087-893B-4611-9AE7-F094AB2358AE}.Release|iPhoneSimulator.Build.0 = Release|Any CPU
		{7EC24087-893B-4611-9AE7-F094AB2358AE}.Release|iPhoneSimulator.Deploy.0 = Release|Any CPU
		{7EC24087-893B-4611-9AE7-F094AB2358AE}.Release|x64.ActiveCfg = Release|x64
		{7EC24087-893B-4611-9AE7-F094AB2358AE}.Release|x64.Build.0 = Release|x64
		{7EC24087-893B-4611-9AE7-F094AB2358AE}.Release|x64.Deploy.0 = Release|x64
		{7EC24087-893B-4611-9AE7-F094AB2358AE}.Release|x86.ActiveCfg = Release|x86
		{7EC24087-893B-4611-9AE7-F094AB2358AE}.Release|x86.Build.0 = Release|x86
		{7EC24087-893B-4611-9AE7-F094AB2358AE}.Release|x86.Deploy.0 = Release|x86
	EndGlobalSection
	GlobalSection(SolutionProperties) = preSolution
		HideSolutionNode = FALSE
	EndGlobalSection
EndGlobal
